
Microsoft Visual Studio Solution File, Format Version 12.00
# Visual Studio 15
VisualStudioVersion = 15.0.27130.2027
MinimumVisualStudioVersion = 10.0.40219.1
Project("{FAE04EC0-301F-11D3-BF4B-00C04F79EFBC}") = "Model_Validation", "Model_Validation\Model_Validation.csproj", "{C95AB7E5-4705-43A8-8461-046017882975}"
EndProject
Global
	GlobalSection(SolutionConfigurationPlatforms) = preSolution
		Debug|Any CPU = Debug|Any CPU
		Release|Any CPU = Release|Any CPU
	EndGlobalSection
	GlobalSection(ProjectConfigurationPlatforms) = postSolution
		{C95AB7E5-4705-43A8-8461-046017882975}.Debug|Any CPU.ActiveCfg = Debug|Any CPU
		{C95AB7E5-4705-43A8-8461-046017882975}.Debug|Any CPU.Build.0 = Debug|Any CPU
		{C95AB7E5-4705-43A8-8461-046017882975}.Release|Any CPU.ActiveCfg = Release|Any CPU
		{C95AB7E5-4705-43A8-8461-046017882975}.Release|Any CPU.Build.0 = Release|Any CPU
	EndGlobalSection
	GlobalSection(SolutionProperties) = preSolution
		HideSolutionNode = FALSE
	EndGlobalSection
	GlobalSection(ExtensibilityGlobals) = postSolution
		SolutionGuid = {AFB5C923-18D9-4FE3-A930-105406F33A8A}
	EndGlobalSection
EndGlobal
